
Microsoft Visual Studio Solution File, Format Version 12.00
# Visual Studio Version 16
VisualStudioVersion = 16.0.31613.86
MinimumVisualStudioVersion = 10.0.40219.1
Project("{FAE04EC0-301F-11D3-BF4B-00C04F79EFBC}") = "GroupFinalProject", "GroupFinalProject.csproj", "{AEEC70B3-7E03-4547-B171-9DC5F2EAF1B0}"
EndProject
Global
	GlobalSection(SolutionConfigurationPlatforms) = preSolution
		Debug|Any CPU = Debug|Any CPU
		Release|Any CPU = Release|Any CPU
	EndGlobalSection
	GlobalSection(ProjectConfigurationPlatforms) = postSolution
		{AEEC70B3-7E03-4547-B171-9DC5F2EAF1B0}.Debug|Any CPU.ActiveCfg = Debug|Any CPU
		{AEEC70B3-7E03-4547-B171-9DC5F2EAF1B0}.Debug|Any CPU.Build.0 = Debug|Any CPU
		{AEEC70B3-7E03-4547-B171-9DC5F2EAF1B0}.Release|Any CPU.ActiveCfg = Release|Any CPU
		{AEEC70B3-7E03-4547-B171-9DC5F2EAF1B0}.Release|Any CPU.Build.0 = Release|Any CPU
	EndGlobalSection
	GlobalSection(SolutionProperties) = preSolution
		HideSolutionNode = FALSE
	EndGlobalSection
	GlobalSection(ExtensibilityGlobals) = postSolution
		SolutionGuid = {A588223D-A39A-4E4E-94D9-1797FC1AFB3B}
	EndGlobalSection
EndGlobal
